apiVersion: vendir.k14s.io/v1alpha1
directories:
- contents:
  - git:
      commitTitle: 'Merge pull request #10 from grafana/crollins/edit-alert-rule-oncall-migrate...'
      sha: dab25e62b8e9b64a9feafada4b27cf79e536cfac
      tags:
      - v0.1.0-835-gdab25e6
    path: .
  path: kubernetes-mixin
kind: LockConfig
